// !$*UTF8*$!
{
	archiveVersion = 1;
	classes = {
	};
	objectVersion = 55;
	objects = {

/* Begin PBXBuildFile section */
		DC01E2A0275FE2EE00F84097 /* AppDelegate.swift in Sources */ = {isa = PBXBuildFile; fileRef = DC01E29F275FE2EE00F84097 /* AppDelegate.swift */; };
		DC01E2A4275FE2EE00F84097 /* ViewController.swift in Sources */ = {isa = PBXBuildFile; fileRef = DC01E2A3275FE2EE00F84097 /* ViewController.swift */; };
		DC01E2A9275FE2F200F84097 /* Assets.xcassets in Resources */ = {isa = PBXBuildFile; fileRef = DC01E2A8275FE2F200F84097 /* Assets.xcassets */; };
		DC01E2AC275FE2F200F84097 /* LaunchScreen.storyboard in Resources */ = {isa = PBXBuildFile; fileRef = DC01E2AA275FE2F200F84097 /* LaunchScreen.storyboard */; };
		DC5FE1A927632520001D83B0 /* WeightFrameLayer.swift in Sources */ = {isa = PBXBuildFile; fileRef = DC5FE1A827632520001D83B0 /* WeightFrameLayer.swift */; };
		DC6AAF4D2762C6A2005E6F04 /* WeightMeterView.swift in Sources */ = {isa = PBXBuildFile; fileRef = DC6AAF4C2762C6A2005E6F04 /* WeightMeterView.swift */; };
		DC6AAF4F2762C6D0005E6F04 /* HumanFigure.swift in Sources */ = {isa = PBXBuildFile; fileRef = DC6AAF4E2762C6D0005E6F04 /* HumanFigure.swift */; };
		DC6AAF512762C6E7005E6F04 /* WeightOverlayLayer.swift in Sources */ = {isa = PBXBuildFile; fileRef = DC6AAF502762C6E7005E6F04 /* WeightOverlayLayer.swift */; };
		DC6AAF532762C700005E6F04 /* WeightBackgroundLayer.swift in Sources */ = {isa = PBXBuildFile; fileRef = DC6AAF522762C700005E6F04 /* WeightBackgroundLayer.swift */; };
/* End PBXBuildFile section */

/* Begin PBXFileReference section */
		DC01E29C275FE2EE00F84097 /* WeightAndHeight.app */ = {isa = PBXFileReference; explicitFileType = wrapper.application; includeInIndex = 0; path = WeightAndHeight.app; sourceTree = BUILT_PRODUCTS_DIR; };
		DC01E29F275FE2EE00F84097 /* AppDelegate.swift */ = {isa = PBXFileReference; lastKnownFileType = sourcecode.swift; path = AppDelegate.swift; sourceTree = "<group>"; };
		DC01E2A3275FE2EE00F84097 /* ViewController.swift */ = {isa = PBXFileReference; lastKnownFileType = sourcecode.swift; path = ViewController.swift; sourceTree = "<group>"; };
		DC01E2A8275FE2F200F84097 /* Assets.xcassets */ = {isa = PBXFileReference; lastKnownFileType = folder.assetcatalog; path = Assets.xcassets; sourceTree = "<group>"; };
		DC01E2AB275FE2F200F84097 /* Base */ = {isa = PBXFileReference; lastKnownFileType = file.storyboard; name = Base; path = Base.lproj/LaunchScreen.storyboard; sourceTree = "<group>"; };
		DC01E2AD275FE2F200F84097 /* Info.plist */ = {isa = PBXFileReference; lastKnownFileType = text.plist.xml; path = Info.plist; sourceTree = "<group>"; };
		DC5FE1A827632520001D83B0 /* WeightFrameLayer.swift */ = {isa = PBXFileReference; lastKnownFileType = sourcecode.swift; path = WeightFrameLayer.swift; sourceTree = "<group>"; };
		DC6AAF4C2762C6A2005E6F04 /* WeightMeterView.swift */ = {isa = PBXFileReference; lastKnownFileType = sourcecode.swift; path = WeightMeterView.swift; sourceTree = "<group>"; };
		DC6AAF4E2762C6D0005E6F04 /* HumanFigure.swift */ = {isa = PBXFileReference; lastKnownFileType = sourcecode.swift; path = HumanFigure.swift; sourceTree = "<group>"; };
		DC6AAF502762C6E7005E6F04 /* WeightOverlayLayer.swift */ = {isa = PBXFileReference; lastKnownFileType = sourcecode.swift; path = WeightOverlayLayer.swift; sourceTree = "<group>"; };
		DC6AAF522762C700005E6F04 /* WeightBackgroundLayer.swift */ = {isa = PBXFileReference; lastKnownFileType = sourcecode.swift; path = WeightBackgroundLayer.swift; sourceTree = "<group>"; };
/* End PBXFileReference section */

/* Begin PBXFrameworksBuildPhase section */
		DC01E299275FE2EE00F84097 /* Frameworks */ = {
			isa = PBXFrameworksBuildPhase;
			buildActionMask = 2147483647;
			files = (
			);
			runOnlyForDeploymentPostprocessing = 0;
		};
/* End PBXFrameworksBuildPhase section */

/* Begin PBXGroup section */
		DC01E293275FE2EE00F84097 = {
			isa = PBXGroup;
			children = (
				DC01E29E275FE2EE00F84097 /* WeightAndHeight */,
				DC01E29D275FE2EE00F84097 /* Products */,
			);
			sourceTree = "<group>";
		};
		DC01E29D275FE2EE00F84097 /* Products */ = {
			isa = PBXGroup;
			children = (
				DC01E29C275FE2EE00F84097 /* WeightAndHeight.app */,
			);
			name = Products;
			sourceTree = "<group>";
		};
		DC01E29E275FE2EE00F84097 /* WeightAndHeight */ = {
			isa = PBXGroup;
			children = (
				DC01E29F275FE2EE00F84097 /* AppDelegate.swift */,
				DC01E2A3275FE2EE00F84097 /* ViewController.swift */,
				DC6AAF542762C725005E6F04 /* WeightWheel */,
				DC6AAF552762C74B005E6F04 /* HumanFigure */,
				DC01E2A8275FE2F200F84097 /* Assets.xcassets */,
				DC01E2AA275FE2F200F84097 /* LaunchScreen.storyboard */,
				DC01E2AD275FE2F200F84097 /* Info.plist */,
			);
			path = WeightAndHeight;
			sourceTree = "<group>";
		};
		DC6AAF542762C725005E6F04 /* WeightWheel */ = {
			isa = PBXGroup;
			children = (
				DC6AAF4C2762C6A2005E6F04 /* WeightMeterView.swift */,
				DC6AAF522762C700005E6F04 /* WeightBackgroundLayer.swift */,
				DC5FE1A827632520001D83B0 /* WeightFrameLayer.swift */,
				DC6AAF502762C6E7005E6F04 /* WeightOverlayLayer.swift */,
			);
			path = WeightWheel;
			sourceTree = "<group>";
		};
		DC6AAF552762C74B005E6F04 /* HumanFigure */ = {
			isa = PBXGroup;
			children = (
				DC6AAF4E2762C6D0005E6F04 /* HumanFigure.swift */,
			);
			path = HumanFigure;
			sourceTree = "<group>";
		};
/* End PBXGroup section */

/* Begin PBXNativeTarget section */
		DC01E29B275FE2EE00F84097 /* WeightAndHeight */ = {
			isa = PBXNativeTarget;
			buildConfigurationList = DC01E2B0275FE2F200F84097 /* Build configuration list for PBXNativeTarget "WeightAndHeight" */;
			buildPhases = (
				DC01E298275FE2EE00F84097 /* Sources */,
				DC01E299275FE2EE00F84097 /* Frameworks */,
				DC01E29A275FE2EE00F84097 /* Resources */,
			);
			buildRules = (
			);
			dependencies = (
			);
			name = WeightAndHeight;
			productName = WeightAndHeight;
			productReference = DC01E29C275FE2EE00F84097 /* WeightAndHeight.app */;
			productType = "com.apple.product-type.application";
		};
/* End PBXNativeTarget section */

/* Begin PBXProject section */
		DC01E294275FE2EE00F84097 /* Project object */ = {
			isa = PBXProject;
			attributes = {
				BuildIndependentTargetsInParallel = 1;
				LastSwiftUpdateCheck = 1310;
				LastUpgradeCheck = 1310;
				TargetAttributes = {
					DC01E29B275FE2EE00F84097 = {
						CreatedOnToolsVersion = 13.1;
					};
				};
			};
			buildConfigurationList = DC01E297275FE2EE00F84097 /* Build configuration list for PBXProject "WeightAndHeight" */;
			compatibilityVersion = "Xcode 13.0";
			developmentRegion = en;
			hasScannedForEncodings = 0;
			knownRegions = (
				en,
				Base,
			);
			mainGroup = DC01E293275FE2EE00F84097;
			productRefGroup = DC01E29D275FE2EE00F84097 /* Products */;
			projectDirPath = "";
			projectRoot = "";
			targets = (
				DC01E29B275FE2EE00F84097 /* WeightAndHeight */,
			);
		};
/* End PBXProject section */

/* Begin PBXResourcesBuildPhase section */
		DC01E29A275FE2EE00F84097 /* Resources */ = {
			isa = PBXResourcesBuildPhase;
			buildActionMask = 2147483647;
			files = (
				DC01E2AC275FE2F200F84097 /* LaunchScreen.storyboard in Resources */,
				DC01E2A9275FE2F200F84097 /* Assets.xcassets in Resources */,
			);
			runOnlyForDeploymentPostprocessing = 0;
		};
/* End PBXResourcesBuildPhase section */

/* Begin PBXSourcesBuildPhase section */
		DC01E298275FE2EE00F84097 /* Sources */ = {
			isa = PBXSourcesBuildPhase;
			buildActionMask = 2147483647;
			files = (
				DC6AAF512762C6E7005E6F04 /* WeightOverlayLayer.swift in Sources */,
				DC5FE1A927632520001D83B0 /* WeightFrameLayer.swift in Sources */,
				DC01E2A4275FE2EE00F84097 /* ViewController.swift in Sources */,
				DC6AAF4D2762C6A2005E6F04 /* WeightMeterView.swift in Sources */,
				DC01E2A0275FE2EE00F84097 /* AppDelegate.swift in Sources */,
				DC6AAF4F2762C6D0005E6F04 /* HumanFigure.swift in Sources */,
				DC6AAF532762C700005E6F04 /* WeightBackgroundLayer.swift in Sources */,
			);
			runOnlyForDeploymentPostprocessing = 0;
		};
/* End PBXSourcesBuildPhase section */

/* Begin PBXVariantGroup section */
		DC01E2AA275FE2F200F84097 /* LaunchScreen.storyboard */ = {
			isa = PBXVariantGroup;
			children = (
				DC01E2AB275FE2F200F84097 /* Base */,
			);
			name = LaunchScreen.storyboard;
			sourceTree = "<group>";
		};
/* End PBXVariantGroup section */

/* Begin XCBuildConfiguration section */
		DC01E2AE275FE2F200F84097 /* Debug */ = {
			isa = XCBuildConfiguration;
			buildSettings = {
				ALWAYS_SEARCH_USER_PATHS = NO;
				CLANG_ANALYZER_NONNULL = YES;
				CLANG_ANALYZER_NUMBER_OBJECT_CONVERSION = YES_AGGRESSIVE;
				CLANG_CXX_LANGUAGE_STANDARD = "gnu++17";
				CLANG_CXX_LIBRARY = "libc++";
				CLANG_ENABLE_MODULES = YES;
				CLANG_ENABLE_OBJC_ARC = YES;
				CLANG_ENABLE_OBJC_WEAK = YES;
				CLANG_WARN_BLOCK_CAPTURE_AUTORELEASING = YES;
				CLANG_WARN_BOOL_CONVERSION = YES;
				CLANG_WARN_COMMA = YES;
				CLANG_WARN_CONSTANT_CONVERSION = YES;
				CLANG_WARN_DEPRECATED_OBJC_IMPLEMENTATIONS = YES;
				CLANG_WARN_DIRECT_OBJC_ISA_USAGE = YES_ERROR;
				CLANG_WARN_DOCUMENTATION_COMMENTS = YES;
				CLANG_WARN_EMPTY_BODY = YES;
				CLANG_WARN_ENUM_CONVERSION = YES;
				CLANG_WARN_INFINITE_RECURSION = YES;
				CLANG_WARN_INT_CONVERSION = YES;
				CLANG_WARN_NON_LITERAL_NULL_CONVERSION = YES;
				CLANG_WARN_OBJC_IMPLICIT_RETAIN_SELF = YES;
				CLANG_WARN_OBJC_LITERAL_CONVERSION = YES;
				CLANG_WARN_OBJC_ROOT_CLASS = YES_ERROR;
				CLANG_WARN_QUOTED_INCLUDE_IN_FRAMEWORK_HEADER = YES;
				CLANG_WARN_RANGE_LOOP_ANALYSIS = YES;
				CLANG_WARN_STRICT_PROTOTYPES = YES;
				CLANG_WARN_SUSPICIOUS_MOVE = YES;
				CLANG_WARN_UNGUARDED_AVAILABILITY = YES_AGGRESSIVE;
				CLANG_WARN_UNREACHABLE_CODE = YES;
				CLANG_WARN__DUPLICATE_METHOD_MATCH = YES;
				COPY_PHASE_STRIP = NO;
				DEBUG_INFORMATION_FORMAT = dwarf;
				ENABLE_STRICT_OBJC_MSGSEND = YES;
				ENABLE_TESTABILITY = YES;
				GCC_C_LANGUAGE_STANDARD = gnu11;
				GCC_DYNAMIC_NO_PIC = NO;
				GCC_NO_COMMON_BLOCKS = YES;
				GCC_OPTIMIZATION_LEVEL = 0;
				GCC_PREPROCESSOR_DEFINITIONS = (
					"DEBUG=1",
					"$(inherited)",
				);
				GCC_WARN_64_TO_32_BIT_CONVERSION = YES;
				GCC_WARN_ABOUT_RETURN_TYPE = YES_ERROR;
				GCC_WARN_UNDECLARED_SELECTOR = YES;
				GCC_WARN_UNINITIALIZED_AUTOS = YES_AGGRESSIVE;
				GCC_WARN_UNUSED_FUNCTION = YES;
				GCC_WARN_UNUSED_VARIABLE = YES;
				IPHONEOS_DEPLOYMENT_TARGET = 15.0;
				MTL_ENABLE_DEBUG_INFO = INCLUDE_SOURCE;
				MTL_FAST_MATH = YES;
				ONLY_ACTIVE_ARCH = YES;
				SDKROOT = iphoneos;
				SWIFT_ACTIVE_COMPILATION_CONDITIONS = DEBUG;
				SWIFT_OPTIMIZATION_LEVEL = "-Onone";
			};
			name = Debug;
		};
		DC01E2AF275FE2F200F84097 /* Release */ = {
			isa = XCBuildConfiguration;
			buildSettings = {
				ALWAYS_SEARCH_USER_PATHS = NO;
				CLANG_ANALYZER_NONNULL = YES;
				CLANG_ANALYZER_NUMBER_OBJECT_CONVERSION = YES_AGGRESSIVE;
				CLANG_CXX_LANGUAGE_STANDARD = "gnu++17";
				CLANG_CXX_LIBRARY = "libc++";
				CLANG_ENABLE_MODULES = YES;
				CLANG_ENABLE_OBJC_ARC = YES;
				CLANG_ENABLE_OBJC_WEAK = YES;
				CLANG_WARN_BLOCK_CAPTURE_AUTORELEASING = YES;
				CLANG_WARN_BOOL_CONVERSION = YES;
				CLANG_WARN_COMMA = YES;
				CLANG_WARN_CONSTANT_CONVERSION = YES;
				CLANG_WARN_DEPRECATED_OBJC_IMPLEMENTATIONS = YES;
				CLANG_WARN_DIRECT_OBJC_ISA_USAGE = YES_ERROR;
				CLANG_WARN_DOCUMENTATION_COMMENTS = YES;
				CLANG_WARN_EMPTY_BODY = YES;
				CLANG_WARN_ENUM_CONVERSION = YES;
				CLANG_WARN_INFINITE_RECURSION = YES;
				CLANG_WARN_INT_CONVERSION = YES;
				CLANG_WARN_NON_LITERAL_NULL_CONVERSION = YES;
				CLANG_WARN_OBJC_IMPLICIT_RETAIN_SELF = YES;
				CLANG_WARN_OBJC_LITERAL_CONVERSION = YES;
				CLANG_WARN_OBJC_ROOT_CLASS = YES_ERROR;
				CLANG_WARN_QUOTED_INCLUDE_IN_FRAMEWORK_HEADER = YES;
				CLANG_WARN_RANGE_LOOP_ANALYSIS = YES;
				CLANG_WARN_STRICT_PROTOTYPES = YES;
				CLANG_WARN_SUSPICIOUS_MOVE = YES;
				CLANG_WARN_UNGUARDED_AVAILABILITY = YES_AGGRESSIVE;
				CLANG_WARN_UNREACHABLE_CODE = YES;
				CLANG_WARN__DUPLICATE_METHOD_MATCH = YES;
				COPY_PHASE_STRIP = NO;
				DEBUG_INFORMATION_FORMAT = "dwarf-with-dsym";
				ENABLE_NS_ASSERTIONS = NO;
				ENABLE_STRICT_OBJC_MSGSEND = YES;
				GCC_C_LANGUAGE_STANDARD = gnu11;
				GCC_NO_COMMON_BLOCKS = YES;
				GCC_WARN_64_TO_32_BIT_CONVERSION = YES;
				GCC_WARN_ABOUT_RETURN_TYPE = YES_ERROR;
				GCC_WARN_UNDECLARED_SELECTOR = YES;
				GCC_WARN_UNINITIALIZED_AUTOS = YES_AGGRESSIVE;
				GCC_WARN_UNUSED_FUNCTION = YES;
				GCC_WARN_UNUSED_VARIABLE = YES;
				IPHONEOS_DEPLOYMENT_TARGET = 15.0;
				MTL_ENABLE_DEBUG_INFO = NO;
				MTL_FAST_MATH = YES;
				SDKROOT = iphoneos;
				SWIFT_COMPILATION_MODE = wholemodule;
				SWIFT_OPTIMIZATION_LEVEL = "-O";
				VALIDATE_PRODUCT = YES;
			};
			name = Release;
		};
		DC01E2B1275FE2F200F84097 /* Debug */ = {
			isa = XCBuildConfiguration;
			buildSettings = {
				ASSETCATALOG_COMPILER_APPICON_NAME = AppIcon;
				ASSETCATALOG_COMPILER_GLOBAL_ACCENT_COLOR_NAME = AccentColor;
				CODE_SIGN_STYLE = Automatic;
				CURRENT_PROJECT_VERSION = 1;
				DEVELOPMENT_TEAM = JSLM23YG4T;
				GENERATE_INFOPLIST_FILE = YES;
				INFOPLIST_FILE = WeightAndHeight/Info.plist;
				INFOPLIST_KEY_UIApplicationSupportsIndirectInputEvents = YES;
				INFOPLIST_KEY_UILaunchStoryboardName = LaunchScreen;
				INFOPLIST_KEY_UISupportedInterfaceOrientations_iPad = "UIInterfaceOrientationPortrait UIInterfaceOrientationPortraitUpsideDown UIInterfaceOrientationLandscapeLeft UIInterfaceOrientationLandscapeRight";
				INFOPLIST_KEY_UISupportedInterfaceOrientations_iPhone = "UIInterfaceOrientationPortrait UIInterfaceOrientationLandscapeLeft UIInterfaceOrientationLandscapeRight";
				IPHONEOS_DEPLOYMENT_TARGET = 10.0;
				LD_RUNPATH_SEARCH_PATHS = (
					"$(inherited)",
					"@executable_path/Frameworks",
				);
				MARKETING_VERSION = 1.0;
				PRODUCT_BUNDLE_IDENTIFIER = ir.seifolahi.WeightAndHeight;
				PRODUCT_NAME = "$(TARGET_NAME)";
				SWIFT_EMIT_LOC_STRINGS = YES;
				SWIFT_VERSION = 5.0;
				TARGETED_DEVICE_FAMILY = "1,2";
			};
			name = Debug;
		};
		DC01E2B2275FE2F200F84097 /* Release */ = {
			isa = XCBuildConfiguration;
			buildSettings = {
				ASSETCATALOG_COMPILER_APPICON_NAME = AppIcon;
				ASSETCATALOG_COMPILER_GLOBAL_ACCENT_COLOR_NAME = AccentColor;
				CODE_SIGN_STYLE = Automatic;
				CURRENT_PROJECT_VERSION = 1;
				DEVELOPMENT_TEAM = JSLM23YG4T;
				GENERATE_INFOPLIST_FILE = YES;
				INFOPLIST_FILE = WeightAndHeight/Info.plist;
				INFOPLIST_KEY_UIApplicationSupportsIndirectInputEvents = YES;
				INFOPLIST_KEY_UILaunchStoryboardName = LaunchScreen;
				INFOPLIST_KEY_UISupportedInterfaceOrientations_iPad = "UIInterfaceOrientationPortrait UIInterfaceOrientationPortraitUpsideDown UIInterfaceOrientationLandscapeLeft UIInterfaceOrientationLandscapeRight";
				INFOPLIST_KEY_UISupportedInterfaceOrientations_iPhone = "UIInterfaceOrientationPortrait UIInterfaceOrientationLandscapeLeft UIInterfaceOrientationLandscapeRight";
				IPHONEOS_DEPLOYMENT_TARGET = 10.0;
				LD_RUNPATH_SEARCH_PATHS = (
					"$(inherited)",
					"@executable_path/Frameworks",
				);
				MARKETING_VERSION = 1.0;
				PRODUCT_BUNDLE_IDENTIFIER = ir.seifolahi.WeightAndHeight;
				PRODUCT_NAME = "$(TARGET_NAME)";
				SWIFT_EMIT_LOC_STRINGS = YES;
				SWIFT_VERSION = 5.0;
				TARGETED_DEVICE_FAMILY = "1,2";
			};
			name = Release;
		};
/* End XCBuildConfiguration section */

/* Begin XCConfigurationList section */
		DC01E297275FE2EE00F84097 /* Build configuration list for PBXProject "WeightAndHeight" */ = {
			isa = XCConfigurationList;
			buildConfigurations = (
				DC01E2AE275FE2F200F84097 /* Debug */,
				DC01E2AF275FE2F200F84097 /* Release */,
			);
			defaultConfigurationIsVisible = 0;
			defaultConfigurationName = Release;
		};
		DC01E2B0275FE2F200F84097 /* Build configuration list for PBXNativeTarget "WeightAndHeight" */ = {
			isa = XCConfigurationList;
			buildConfigurations = (
				DC01E2B1275FE2F200F84097 /* Debug */,
				DC01E2B2275FE2F200F84097 /* Release */,
			);
			defaultConfigurationIsVisible = 0;
			defaultConfigurationName = Release;
		};
/* End XCConfigurationList section */
	};
	rootObject = DC01E294275FE2EE00F84097 /* Project object */;
}
